
Microsoft Visual Studio Solution File, Format Version 12.00
# Visual Studio Version 16
VisualStudioVersion = 25.0.1704.2
MinimumVisualStudioVersion = 10.0.40219.1
Project("{FAE04EC0-301F-11D3-BF4B-00C04F79EFBC}") = "family_icecream", "family_icecream.csproj", "{B2F6B060-93F5-4501-8FFB-E70710F963E0}"
EndProject
Global
	GlobalSection(SolutionConfigurationPlatforms) = preSolution
		Debug|Any CPU = Debug|Any CPU
		Release|Any CPU = Release|Any CPU
	EndGlobalSection
	GlobalSection(ProjectConfigurationPlatforms) = postSolution
		{B2F6B060-93F5-4501-8FFB-E70710F963E0}.Debug|Any CPU.ActiveCfg = Debug|Any CPU
		{B2F6B060-93F5-4501-8FFB-E70710F963E0}.Debug|Any CPU.Build.0 = Debug|Any CPU
		{B2F6B060-93F5-4501-8FFB-E70710F963E0}.Release|Any CPU.ActiveCfg = Release|Any CPU
		{B2F6B060-93F5-4501-8FFB-E70710F963E0}.Release|Any CPU.Build.0 = Release|Any CPU
	EndGlobalSection
	GlobalSection(SolutionProperties) = preSolution
		HideSolutionNode = FALSE
	EndGlobalSection
	GlobalSection(ExtensibilityGlobals) = postSolution
		SolutionGuid = {FA6C36DC-A818-4A6E-9424-CFB17AB5173C}
	EndGlobalSection
EndGlobal
